<?xml version="1.0" encoding="utf-8"?>
<Project ToolsVersion="4.0" xmlns="http://schemas.microsoft.com/developer/msbuild/2003">
  <ItemGroup>
    <Filter Include="Source Files">
      <UniqueIdentifier>{4FC737F1-C7A5-4376-A066-2A32D752A2FF}</UniqueIdentifier>
      <Extensions>cpp;c;cc;cxx;c++;cppm;ixx;def;odl;idl;hpj;bat;asm;asmx</Extensions>
    </Filter>
    <Filter Include="Header Files">
      <UniqueIdentifier>{93995380-89BD-4b04-88EB-625FBE52EBFB}</UniqueIdentifier>
      <Extensions>h;hh;hpp;hxx;h++;hm;inl;inc;ipp;xsd</Extensions>
    </Filter>
    <Filter Include="Resource Files">
      <UniqueIdentifier>{67DA6AB6-F800-4c08-8B7A-83BB121AAD01}</UniqueIdentifier>
      <Extensions>rc;ico;cur;bmp;dlg;rc2;rct;bin;rgs;gif;jpg;jpeg;jpe;resx;tiff;tif;png;wav;mfcribbon-ms</Extensions>
    </Filter>
  </ItemGroup>
  <ItemGroup>
    <ClInclude Include="src\cApp.h">
      <Filter>Header Files</Filter>
    </ClInclude>
    <ClInclude Include="src\cMain.h">
      <Filter>Header Files</Filter>
    </ClInclude>
    <ClInclude Include="src\cOpenGLObjects.h">
      <Filter>Header Files</Filter>
    </ClInclude>
    <ClInclude Include="src\cDisplay.h">
      <Filter>Header Files</Filter>
    </ClInclude>
    <ClInclude Include="src\cPCH.h">
      <Filter>Header Files</Filter>
    </ClInclude>
    <ClInclude Include="src\cCtrlPanel.h">
      <Filter>Header Files</Filter>
    </ClInclude>
  </ItemGroup>
  <ItemGroup>
    <ClCompile Include="src\cApp.cpp">
      <Filter>Source Files</Filter>
    </ClCompile>
    <ClCompile Include="src\cMain.cpp">
      <Filter>Source Files</Filter>
    </ClCompile>
    <ClCompile Include="src\cOpenGLObjects.cpp">
      <Filter>Source Files</Filter>
    </ClCompile>
    <ClCompile Include="src\cDisplay.cpp">
      <Filter>Source Files</Filter>
    </ClCompile>
    <ClCompile Include="src\cCtrlPanel.cpp">
      <Filter>Source Files</Filter>
    </ClCompile>
  </ItemGroup>
  <ItemGroup>
    <None Include="src\assets\shaders\Cube_Shader.glsl" />
  </ItemGroup>
  <ItemGroup>
    <Image Include="src\assets\textures\defaultB.png">
      <Filter>Resource Files</Filter>
    </Image>
    <Image Include="src\assets\textures\defaultD.png">
      <Filter>Resource Files</Filter>
    </Image>
    <Image Include="src\assets\textures\defaultF.png">
      <Filter>Resource Files</Filter>
    </Image>
    <Image Include="src\assets\textures\defaultL.png">
      <Filter>Resource Files</Filter>
    </Image>
    <Image Include="src\assets\textures\defaultR.png">
      <Filter>Resource Files</Filter>
    </Image>
    <Image Include="src\assets\textures\defaultU.png">
      <Filter>Resource Files</Filter>
    </Image>
  </ItemGroup>
</Project>